// !$*UTF8*$!
{
	archiveVersion = 1;
	classes = {
	};
	objectVersion = 77;
	objects = {

/* Begin PBXContainerItemProxy section */
		A28AF098302C59DA0055D1DF /* PBXContainerItemProxy */ = {
			isa = PBXContainerItemProxy;
			containerPortal = A28AF07D302C59D90055D1DF /* Project object */;
			proxyType = 1;
			remoteGlobalIDString = A28AF084302C59D90055D1DF;
			remoteInfo = SecuritiesSimulation;
		};
		A28AF0A2302C59DA0055D1DF /* PBXContainerItemProxy */ = {
			isa = PBXContainerItemProxy;
			containerPortal = A28AF07D302C59D90055D1DF /* Project object */;
			proxyType = 1;
			remoteGlobalIDString = A28AF084302C59D90055D1DF;
			remoteInfo = SecuritiesSimulation;
		};
/* End PBXContainerItemProxy section */

/* Begin PBXFileReference section */
		A28AF085302C59D90055D1DF /* SecuritiesSimulation.app */ = {isa = PBXFileReference; explicitFileType = wrapper.application; includeInIndex = 0; path = SecuritiesSimulation.app; sourceTree = BUILT_PRODUCTS_DIR; };
		A28AF097302C59DA0055D1DF /* SecuritiesSimulationTests.xctest */ = {isa = PBXFileReference; explicitFileType = wrapper.cfbundle; includeInIndex = 0; path = SecuritiesSimulationTests.xctest; sourceTree = BUILT_PRODUCTS_DIR; };
		A28AF0A1302C59DA0055D1DF /* SecuritiesSimulationUITests.xctest */ = {isa = PBXFileReference; explicitFileType = wrapper.cfbundle; includeInIndex = 0; path = SecuritiesSimulationUITests.xctest; sourceTree = BUILT_PRODUCTS_DIR; };
/* End PBXFileReference section */

/* Begin PBXFileSystemSynchronizedRootGroup section */
		A28AF087302C59D90055D1DF /* SecuritiesSimulation */ = {
			isa = PBXFileSystemSynchronizedRootGroup;
			path = SecuritiesSimulation;
			sourceTree = "<group>";
		};
		A28AF09A302C59DA0055D1DF /* SecuritiesSimulationTests */ = {
			isa = PBXFileSystemSynchronizedRootGroup;
			path = SecuritiesSimulationTests;
			sourceTree = "<group>";
		};
		A28AF0A4302C59DA0055D1DF /* SecuritiesSimulationUITests */ = {
			isa = PBXFileSystemSynchronizedRootGroup;
			path = SecuritiesSimulationUITests;
			sourceTree = "<group>";
		};
/* End PBXFileSystemSynchronizedRootGroup section */

/* Begin PBXFrameworksBuildPhase section */
		A28AF082302C59D90055D1DF /* Frameworks */ = {
			isa = PBXFrameworksBuildPhase;
			buildActionMask = 2147483647;
			files = (
			);
			runOnlyForDeploymentPostprocessing = 0;
		};
		A28AF094302C59DA0055D1DF /* Frameworks */ = {
			isa = PBXFrameworksBuildPhase;
			buildActionMask = 2147483647;
			files = (
			);
			runOnlyForDeploymentPostprocessing = 0;
		};
		A28AF09E302C59DA0055D1DF /* Frameworks */ = {
			isa = PBXFrameworksBuildPhase;
			buildActionMask = 2147483647;
			files = (
			);
			runOnlyForDeploymentPostprocessing = 0;
		};
/* End PBXFrameworksBuildPhase section */

/* Begin PBXGroup section */
		A28AF07C302C59D90055D1DF = {
			isa = PBXGroup;
			children = (
				A28AF087302C59D90055D1DF /* SecuritiesSimulation */,
				A28AF09A302C59DA0055D1DF /* SecuritiesSimulationTests */,
				A28AF0A4302C59DA0055D1DF /* SecuritiesSimulationUITests */,
				A28AF086302C59D90055D1DF /* Products */,
			);
			sourceTree = "<group>";
		};
		A28AF086302C59D90055D1DF /* Products */ = {
			isa = PBXGroup;
			children = (
				A28AF085302C59D90055D1DF /* SecuritiesSimulation.app */,
				A28AF097302C59DA0055D1DF /* SecuritiesSimulationTests.xctest */,
				A28AF0A1302C59DA0055D1DF /* SecuritiesSimulationUITests.xctest */,
			);
			name = Products;
			sourceTree = "<group>";
		};
/* End PBXGroup section */

/* Begin PBXNativeTarget section */
		A28AF084302C59D90055D1DF /* SecuritiesSimulation */ = {
			isa = PBXNativeTarget;
			buildConfigurationList = A28AF0AB302C59DA0055D1DF /* Build configuration list for PBXNativeTarget "SecuritiesSimulation" */;
			buildPhases = (
				A28AF081302C59D90055D1DF /* Sources */,
				A28AF082302C59D90055D1DF /* Frameworks */,
				A28AF083302C59D90055D1DF /* Resources */,
			);
			buildRules = (
			);
			dependencies = (
			);
			fileSystemSynchronizedGroups = (
				A28AF087302C59D90055D1DF /* SecuritiesSimulation */,
			);
			name = SecuritiesSimulation;
			packageProductDependencies = (
			);
			productName = SecuritiesSimulation;
			productReference = A28AF085302C59D90055D1DF /* SecuritiesSimulation.app */;
			productType = "com.apple.product-type.application";
		};
		A28AF096302C59DA0055D1DF /* SecuritiesSimulationTests */ = {
			isa = PBXNativeTarget;
			buildConfigurationList = A28AF0AE302C59DA0055D1DF /* Build configuration list for PBXNativeTarget "SecuritiesSimulationTests" */;
			buildPhases = (
				A28AF093302C59DA0055D1DF /* Sources */,
				A28AF094302C59DA0055D1DF /* Frameworks */,
				A28AF095302C59DA0055D1DF /* Resources */,
			);
			buildRules = (
			);
			dependencies = (
				A28AF099302C59DA0055D1DF /* PBXTargetDependency */,
			);
			fileSystemSynchronizedGroups = (
				A28AF09A302C59DA0055D1DF /* SecuritiesSimulationTests */,
			);
			name = SecuritiesSimulationTests;
			packageProductDependencies = (
			);
			productName = SecuritiesSimulationTests;
			productReference = A28AF097302C59DA0055D1DF /* SecuritiesSimulationTests.xctest */;
			productType = "com.apple.product-type.bundle.unit-test";
		};
		A28AF0A0302C59DA0055D1DF /* SecuritiesSimulationUITests */ = {
			isa = PBXNativeTarget;
			buildConfigurationList = A28AF0B1302C59DA0055D1DF /* Build configuration list for PBXNativeTarget "SecuritiesSimulationUITests" */;
			buildPhases = (
				A28AF09D302C59DA0055D1DF /* Sources */,
				A28AF09E302C59DA0055D1DF /* Frameworks */,
				A28AF09F302C59DA0055D1DF /* Resources */,
			);
			buildRules = (
			);
			dependencies = (
				A28AF0A3302C59DA0055D1DF /* PBXTargetDependency */,
			);
			fileSystemSynchronizedGroups = (
				A28AF0A4302C59DA0055D1DF /* SecuritiesSimulationUITests */,
			);
			name = SecuritiesSimulationUITests;
			packageProductDependencies = (
			);
			productName = SecuritiesSimulationUITests;
			productReference = A28AF0A1302C59DA0055D1DF /* SecuritiesSimulationUITests.xctest */;
			productType = "com.apple.product-type.bundle.ui-testing";
		};
/* End PBXNativeTarget section */

/* Begin PBXProject section */
		A28AF07D302C59D90055D1DF /* Project object */ = {
			isa = PBXProject;
			attributes = {
				BuildIndependentTargetsInParallel = 1;
				LastSwiftUpdateCheck = 2660;
				LastUpgradeCheck = 2660;
				TargetAttributes = {
					A28AF084302C59D90055D1DF = {
						CreatedOnToolsVersion = 26.6;
					};
					A28AF096302C59DA0055D1DF = {
						CreatedOnToolsVersion = 26.6;
						TestTargetID = A28AF084302C59D90055D1DF;
					};
					A28AF0A0302C59DA0055D1DF = {
						CreatedOnToolsVersion = 26.6;
						TestTargetID = A28AF084302C59D90055D1DF;
					};
				};
			};
			buildConfigurationList = A28AF080302C59D90055D1DF /* Build configuration list for PBXProject "SecuritiesSimulation" */;
			developmentRegion = en;
			hasScannedForEncodings = 0;
			knownRegions = (
				en,
				Base,
			);
			mainGroup = A28AF07C302C59D90055D1DF;
			minimizedProjectReferenceProxies = 1;
			preferredProjectObjectVersion = 77;
			productRefGroup = A28AF086302C59D90055D1DF /* Products */;
			projectDirPath = "";
			projectRoot = "";
			targets = (
				A28AF084302C59D90055D1DF /* SecuritiesSimulation */,
				A28AF096302C59DA0055D1DF /* SecuritiesSimulationTests */,
				A28AF0A0302C59DA0055D1DF /* SecuritiesSimulationUITests */,
			);
		};
/* End PBXProject section */

/* Begin PBXResourcesBuildPhase section */
		A28AF083302C59D90055D1DF /* Resources */ = {
			isa = PBXResourcesBuildPhase;
			buildActionMask = 2147483647;
			files = (
			);
			runOnlyForDeploymentPostprocessing = 0;
		};
		A28AF095302C59DA0055D1DF /* Resources */ = {
			isa = PBXResourcesBuildPhase;
			buildActionMask = 2147483647;
			files = (
			);
			runOnlyForDeploymentPostprocessing = 0;
		};
		A28AF09F302C59DA0055D1DF /* Resources */ = {
			isa = PBXResourcesBuildPhase;
			buildActionMask = 2147483647;
			files = (
			);
			runOnlyForDeploymentPostprocessing = 0;
		};
/* End PBXResourcesBuildPhase section */

/* Begin PBXSourcesBuildPhase section */
		A28AF081302C59D90055D1DF /* Sources */ = {
			isa = PBXSourcesBuildPhase;
			buildActionMask = 2147483647;
			files = (
			);
			runOnlyForDeploymentPostprocessing = 0;
		};
		A28AF093302C59DA0055D1DF /* Sources */ = {
			isa = PBXSourcesBuildPhase;
			buildActionMask = 2147483647;
			files = (
			);
			runOnlyForDeploymentPostprocessing = 0;
		};
		A28AF09D302C59DA0055D1DF /* Sources */ = {
			isa = PBXSourcesBuildPhase;
			buildActionMask = 2147483647;
			files = (
			);
			runOnlyForDeploymentPostprocessing = 0;
		};
/* End PBXSourcesBuildPhase section */

/* Begin PBXTargetDependency section */
		A28AF099302C59DA0055D1DF /* PBXTargetDependency */ = {
			isa = PBXTargetDependency;
			target = A28AF084302C59D90055D1DF /* SecuritiesSimulation */;
			targetProxy = A28AF098302C59DA0055D1DF /* PBXContainerItemProxy */;
		};
		A28AF0A3302C59DA0055D1DF /* PBXTargetDependency */ = {
			isa = PBXTargetDependency;
			target = A28AF084302C59D90055D1DF /* SecuritiesSimulation */;
			targetProxy = A28AF0A2302C59DA0055D1DF /* PBXContainerItemProxy */;
		};
/* End PBXTargetDependency section */

/* Begin XCBuildConfiguration section */
		A28AF0A9302C59DA0055D1DF /* Debug */ = {
			isa = XCBuildConfiguration;
			buildSettings = {
				ALWAYS_SEARCH_USER_PATHS = NO;
				ASSETCATALOG_COMPILER_GENERATE_SWIFT_ASSET_SYMBOL_EXTENSIONS = YES;
				CLANG_ANALYZER_NONNULL = YES;
				CLANG_ANALYZER_NUMBER_OBJECT_CONVERSION = YES_AGGRESSIVE;
				CLANG_CXX_LANGUAGE_STANDARD = "gnu++20";
				CLANG_ENABLE_MODULES = YES;
				CLANG_ENABLE_OBJC_ARC = YES;
				CLANG_ENABLE_OBJC_WEAK = YES;
				CLANG_WARN_BLOCK_CAPTURE_AUTORELEASING = YES;
				CLANG_WARN_BOOL_CONVERSION = YES;
				CLANG_WARN_COMMA = YES;
				CLANG_WARN_CONSTANT_CONVERSION = YES;
				CLANG_WARN_DEPRECATED_OBJC_IMPLEMENTATIONS = YES;
				CLANG_WARN_DIRECT_OBJC_ISA_USAGE = YES_ERROR;
				CLANG_WARN_DOCUMENTATION_COMMENTS = YES;
				CLANG_WARN_EMPTY_BODY = YES;
				CLANG_WARN_ENUM_CONVERSION = YES;
				CLANG_WARN_INFINITE_RECURSION = YES;
				CLANG_WARN_INT_CONVERSION = YES;
				CLANG_WARN_NON_LITERAL_NULL_CONVERSION = YES;
				CLANG_WARN_OBJC_IMPLICIT_RETAIN_SELF = YES;
				CLANG_WARN_OBJC_LITERAL_CONVERSION = YES;
				CLANG_WARN_OBJC_ROOT_CLASS = YES_ERROR;
				CLANG_WARN_QUOTED_INCLUDE_IN_FRAMEWORK_HEADER = YES;
				CLANG_WARN_RANGE_LOOP_ANALYSIS = YES;
				CLANG_WARN_STRICT_PROTOTYPES = YES;
				CLANG_WARN_SUSPICIOUS_MOVE = YES;
				CLANG_WARN_UNGUARDED_AVAILABILITY = YES_AGGRESSIVE;
				CLANG_WARN_UNREACHABLE_CODE = YES;
				CLANG_WARN__DUPLICATE_METHOD_MATCH = YES;
				COPY_PHASE_STRIP = NO;
				DEBUG_INFORMATION_FORMAT = dwarf;
				ENABLE_STRICT_OBJC_MSGSEND = YES;
				ENABLE_TESTABILITY = YES;
				ENABLE_USER_SCRIPT_SANDBOXING = YES;
				GCC_C_LANGUAGE_STANDARD = gnu17;
				GCC_DYNAMIC_NO_PIC = NO;
				GCC_NO_COMMON_BLOCKS = YES;
				GCC_OPTIMIZATION_LEVEL = 0;
				GCC_PREPROCESSOR_DEFINITIONS = (
					"DEBUG=1",
					"$(inherited)",
				);
				GCC_WARN_64_TO_32_BIT_CONVERSION = YES;
				GCC_WARN_ABOUT_RETURN_TYPE = YES_ERROR;
				GCC_WARN_UNDECLARED_SELECTOR = YES;
				GCC_WARN_UNINITIALIZED_AUTOS = YES_AGGRESSIVE;
				GCC_WARN_UNUSED_FUNCTION = YES;
				GCC_WARN_UNUSED_VARIABLE = YES;
				IPHONEOS_DEPLOYMENT_TARGET = 26.5;
				LOCALIZATION_PREFERS_STRING_CATALOGS = YES;
				MTL_ENABLE_DEBUG_INFO = INCLUDE_SOURCE;
				MTL_FAST_MATH = YES;
				ONLY_ACTIVE_ARCH = YES;
				SDKROOT = iphoneos;
				SWIFT_ACTIVE_COMPILATION_CONDITIONS = "DEBUG $(inherited)";
				SWIFT_OPTIMIZATION_LEVEL = "-Onone";
			};
			name = Debug;
		};
		A28AF0AA302C59DA0055D1DF /* Release */ = {
			isa = XCBuildConfiguration;
			buildSettings = {
				ALWAYS_SEARCH_USER_PATHS = NO;
				ASSETCATALOG_COMPILER_GENERATE_SWIFT_ASSET_SYMBOL_EXTENSIONS = YES;
				CLANG_ANALYZER_NONNULL = YES;
				CLANG_ANALYZER_NUMBER_OBJECT_CONVERSION = YES_AGGRESSIVE;
				CLANG_CXX_LANGUAGE_STANDARD = "gnu++20";
				CLANG_ENABLE_MODULES = YES;
				CLANG_ENABLE_OBJC_ARC = YES;
				CLANG_ENABLE_OBJC_WEAK = YES;
				CLANG_WARN_BLOCK_CAPTURE_AUTORELEASING = YES;
				CLANG_WARN_BOOL_CONVERSION = YES;
				CLANG_WARN_COMMA = YES;
				CLANG_WARN_CONSTANT_CONVERSION = YES;
				CLANG_WARN_DEPRECATED_OBJC_IMPLEMENTATIONS = YES;
				CLANG_WARN_DIRECT_OBJC_ISA_USAGE = YES_ERROR;
				CLANG_WARN_DOCUMENTATION_COMMENTS = YES;
				CLANG_WARN_EMPTY_BODY = YES;
				CLANG_WARN_ENUM_CONVERSION = YES;
				CLANG_WARN_INFINITE_RECURSION = YES;
				CLANG_WARN_INT_CONVERSION = YES;
				CLANG_WARN_NON_LITERAL_NULL_CONVERSION = YES;
				CLANG_WARN_OBJC_IMPLICIT_RETAIN_SELF = YES;
				CLANG_WARN_OBJC_LITERAL_CONVERSION = YES;
				CLANG_WARN_OBJC_ROOT_CLASS = YES_ERROR;
				CLANG_WARN_QUOTED_INCLUDE_IN_FRAMEWORK_HEADER = YES;
				CLANG_WARN_RANGE_LOOP_ANALYSIS = YES;
				CLANG_WARN_STRICT_PROTOTYPES = YES;
				CLANG_WARN_SUSPICIOUS_MOVE = YES;
				CLANG_WARN_UNGUARDED_AVAILABILITY = YES_AGGRESSIVE;
				CLANG_WARN_UNREACHABLE_CODE = YES;
				CLANG_WARN__DUPLICATE_METHOD_MATCH = YES;
				COPY_PHASE_STRIP = NO;
				DEBUG_INFORMATION_FORMAT = "dwarf-with-dsym";
				ENABLE_NS_ASSERTIONS = NO;
				ENABLE_STRICT_OBJC_MSGSEND = YES;
				ENABLE_USER_SCRIPT_SANDBOXING = YES;
				GCC_C_LANGUAGE_STANDARD = gnu17;
				GCC_NO_COMMON_BLOCKS = YES;
				GCC_WARN_64_TO_32_BIT_CONVERSION = YES;
				GCC_WARN_ABOUT_RETURN_TYPE = YES_ERROR;
				GCC_WARN_UNDECLARED_SELECTOR = YES;
				GCC_WARN_UNINITIALIZED_AUTOS = YES_AGGRESSIVE;
				GCC_WARN_UNUSED_FUNCTION = YES;
				GCC_WARN_UNUSED_VARIABLE = YES;
				IPHONEOS_DEPLOYMENT_TARGET = 26.5;
				LOCALIZATION_PREFERS_STRING_CATALOGS = YES;
				MTL_ENABLE_DEBUG_INFO = NO;
				MTL_FAST_MATH = YES;
				SDKROOT = iphoneos;
				SWIFT_COMPILATION_MODE = wholemodule;
				VALIDATE_PRODUCT = YES;
			};
			name = Release;
		};
		A28AF0AC302C59DA0055D1DF /* Debug */ = {
			isa = XCBuildConfiguration;
			buildSettings = {
				ASSETCATALOG_COMPILER_APPICON_NAME = AppIcon;
				ASSETCATALOG_COMPILER_GLOBAL_ACCENT_COLOR_NAME = AccentColor;
				CODE_SIGN_STYLE = Automatic;
				CURRENT_PROJECT_VERSION = 1;
				ENABLE_PREVIEWS = YES;
				GENERATE_INFOPLIST_FILE = YES;
				INFOPLIST_KEY_UIApplicationSceneManifest_Generation = YES;
				INFOPLIST_KEY_UIApplicationSupportsIndirectInputEvents = YES;
				INFOPLIST_KEY_UILaunchScreen_Generation = YES;
				INFOPLIST_KEY_UISupportedInterfaceOrientations_iPad = "UIInterfaceOrientationPortrait UIInterfaceOrientationPortraitUpsideDown UIInterfaceOrientationLandscapeLeft UIInterfaceOrientationLandscapeRight";
				INFOPLIST_KEY_UISupportedInterfaceOrientations_iPhone = "UIInterfaceOrientationPortrait UIInterfaceOrientationLandscapeLeft UIInterfaceOrientationLandscapeRight";
				LD_RUNPATH_SEARCH_PATHS = (
					"$(inherited)",
					"@executable_path/Frameworks",
				);
				MARKETING_VERSION = 1.0;
				PRODUCT_BUNDLE_IDENTIFIER = alex.app.ai.SecuritiesSimulation;
				PRODUCT_NAME = "$(TARGET_NAME)";
				STRING_CATALOG_GENERATE_SYMBOLS = YES;
				SWIFT_APPROACHABLE_CONCURRENCY = YES;
				SWIFT_DEFAULT_ACTOR_ISOLATION = MainActor;
				SWIFT_EMIT_LOC_STRINGS = YES;
				SWIFT_UPCOMING_FEATURE_MEMBER_IMPORT_VISIBILITY = YES;
				SWIFT_VERSION = 5.0;
				TARGETED_DEVICE_FAMILY = "1,2";
			};
			name = Debug;
		};
		A28AF0AD302C59DA0055D1DF /* Release */ = {
			isa = XCBuildConfiguration;
			buildSettings = {
				ASSETCATALOG_COMPILER_APPICON_NAME = AppIcon;
				ASSETCATALOG_COMPILER_GLOBAL_ACCENT_COLOR_NAME = AccentColor;
				CODE_SIGN_STYLE = Automatic;
				CURRENT_PROJECT_VERSION = 1;
				ENABLE_PREVIEWS = YES;
				GENERATE_INFOPLIST_FILE = YES;
				INFOPLIST_KEY_UIApplicationSceneManifest_Generation = YES;
				INFOPLIST_KEY_UIApplicationSupportsIndirectInputEvents = YES;
				INFOPLIST_KEY_UILaunchScreen_Generation = YES;
				INFOPLIST_KEY_UISupportedInterfaceOrientations_iPad = "UIInterfaceOrientationPortrait UIInterfaceOrientationPortraitUpsideDown UIInterfaceOrientationLandscapeLeft UIInterfaceOrientationLandscapeRight";
				INFOPLIST_KEY_UISupportedInterfaceOrientations_iPhone = "UIInterfaceOrientationPortrait UIInterfaceOrientationLandscapeLeft UIInterfaceOrientationLandscapeRight";
				LD_RUNPATH_SEARCH_PATHS = (
					"$(inherited)",
					"@executable_path/Frameworks",
				);
				MARKETING_VERSION = 1.0;
				PRODUCT_BUNDLE_IDENTIFIER = alex.app.ai.SecuritiesSimulation;
				PRODUCT_NAME = "$(TARGET_NAME)";
				STRING_CATALOG_GENERATE_SYMBOLS = YES;
				SWIFT_APPROACHABLE_CONCURRENCY = YES;
				SWIFT_DEFAULT_ACTOR_ISOLATION = MainActor;
				SWIFT_EMIT_LOC_STRINGS = YES;
				SWIFT_UPCOMING_FEATURE_MEMBER_IMPORT_VISIBILITY = YES;
				SWIFT_VERSION = 5.0;
				TARGETED_DEVICE_FAMILY = "1,2";
			};
			name = Release;
		};
		A28AF0AF302C59DA0055D1DF /* Debug */ = {
			isa = XCBuildConfiguration;
			buildSettings = {
				BUNDLE_LOADER = "$(TEST_HOST)";
				CODE_SIGN_STYLE = Automatic;
				CURRENT_PROJECT_VERSION = 1;
				GENERATE_INFOPLIST_FILE = YES;
				IPHONEOS_DEPLOYMENT_TARGET = 26.5;
				MARKETING_VERSION = 1.0;
				PRODUCT_BUNDLE_IDENTIFIER = alex.app.ai.SecuritiesSimulationTests;
				PRODUCT_NAME = "$(TARGET_NAME)";
				STRING_CATALOG_GENERATE_SYMBOLS = NO;
				SWIFT_APPROACHABLE_CONCURRENCY = YES;
				SWIFT_EMIT_LOC_STRINGS = NO;
				SWIFT_UPCOMING_FEATURE_MEMBER_IMPORT_VISIBILITY = YES;
				SWIFT_VERSION = 5.0;
				TARGETED_DEVICE_FAMILY = "1,2";
				TEST_HOST = "$(BUILT_PRODUCTS_DIR)/SecuritiesSimulation.app/$(BUNDLE_EXECUTABLE_FOLDER_PATH)/SecuritiesSimulation";
			};
			name = Debug;
		};
		A28AF0B0302C59DA0055D1DF /* Release */ = {
			isa = XCBuildConfiguration;
			buildSettings = {
				BUNDLE_LOADER = "$(TEST_HOST)";
				CODE_SIGN_STYLE = Automatic;
				CURRENT_PROJECT_VERSION = 1;
				GENERATE_INFOPLIST_FILE = YES;
				IPHONEOS_DEPLOYMENT_TARGET = 26.5;
				MARKETING_VERSION = 1.0;
				PRODUCT_BUNDLE_IDENTIFIER = alex.app.ai.SecuritiesSimulationTests;
				PRODUCT_NAME = "$(TARGET_NAME)";
				STRING_CATALOG_GENERATE_SYMBOLS = NO;
				SWIFT_APPROACHABLE_CONCURRENCY = YES;
				SWIFT_EMIT_LOC_STRINGS = NO;
				SWIFT_UPCOMING_FEATURE_MEMBER_IMPORT_VISIBILITY = YES;
				SWIFT_VERSION = 5.0;
				TARGETED_DEVICE_FAMILY = "1,2";
				TEST_HOST = "$(BUILT_PRODUCTS_DIR)/SecuritiesSimulation.app/$(BUNDLE_EXECUTABLE_FOLDER_PATH)/SecuritiesSimulation";
			};
			name = Release;
		};
		A28AF0B2302C59DA0055D1DF /* Debug */ = {
			isa = XCBuildConfiguration;
			buildSettings = {
				CODE_SIGN_STYLE = Automatic;
				CURRENT_PROJECT_VERSION = 1;
				GENERATE_INFOPLIST_FILE = YES;
				MARKETING_VERSION = 1.0;
				PRODUCT_BUNDLE_IDENTIFIER = alex.app.ai.SecuritiesSimulationUITests;
				PRODUCT_NAME = "$(TARGET_NAME)";
				STRING_CATALOG_GENERATE_SYMBOLS = NO;
				SWIFT_APPROACHABLE_CONCURRENCY = YES;
				SWIFT_EMIT_LOC_STRINGS = NO;
				SWIFT_UPCOMING_FEATURE_MEMBER_IMPORT_VISIBILITY = YES;
				SWIFT_VERSION = 5.0;
				TARGETED_DEVICE_FAMILY = "1,2";
				TEST_TARGET_NAME = SecuritiesSimulation;
			};
			name = Debug;
		};
		A28AF0B3302C59DA0055D1DF /* Release */ = {
			isa = XCBuildConfiguration;
			buildSettings = {
				CODE_SIGN_STYLE = Automatic;
				CURRENT_PROJECT_VERSION = 1;
				GENERATE_INFOPLIST_FILE = YES;
				MARKETING_VERSION = 1.0;
				PRODUCT_BUNDLE_IDENTIFIER = alex.app.ai.SecuritiesSimulationUITests;
				PRODUCT_NAME = "$(TARGET_NAME)";
				STRING_CATALOG_GENERATE_SYMBOLS = NO;
				SWIFT_APPROACHABLE_CONCURRENCY = YES;
				SWIFT_EMIT_LOC_STRINGS = NO;
				SWIFT_UPCOMING_FEATURE_MEMBER_IMPORT_VISIBILITY = YES;
				SWIFT_VERSION = 5.0;
				TARGETED_DEVICE_FAMILY = "1,2";
				TEST_TARGET_NAME = SecuritiesSimulation;
			};
			name = Release;
		};
/* End XCBuildConfiguration section */

/* Begin XCConfigurationList section */
		A28AF080302C59D90055D1DF /* Build configuration list for PBXProject "SecuritiesSimulation" */ = {
			isa = XCConfigurationList;
			buildConfigurations = (
				A28AF0A9302C59DA0055D1DF /* Debug */,
				A28AF0AA302C59DA0055D1DF /* Release */,
			);
			defaultConfigurationIsVisible = 0;
			defaultConfigurationName = Release;
		};
		A28AF0AB302C59DA0055D1DF /* Build configuration list for PBXNativeTarget "SecuritiesSimulation" */ = {
			isa = XCConfigurationList;
			buildConfigurations = (
				A28AF0AC302C59DA0055D1DF /* Debug */,
				A28AF0AD302C59DA0055D1DF /* Release */,
			);
			defaultConfigurationIsVisible = 0;
			defaultConfigurationName = Release;
		};
		A28AF0AE302C59DA0055D1DF /* Build configuration list for PBXNativeTarget "SecuritiesSimulationTests" */ = {
			isa = XCConfigurationList;
			buildConfigurations = (
				A28AF0AF302C59DA0055D1DF /* Debug */,
				A28AF0B0302C59DA0055D1DF /* Release */,
			);
			defaultConfigurationIsVisible = 0;
			defaultConfigurationName = Release;
		};
		A28AF0B1302C59DA0055D1DF /* Build configuration list for PBXNativeTarget "SecuritiesSimulationUITests" */ = {
			isa = XCConfigurationList;
			buildConfigurations = (
				A28AF0B2302C59DA0055D1DF /* Debug */,
				A28AF0B3302C59DA0055D1DF /* Release */,
			);
			defaultConfigurationIsVisible = 0;
			defaultConfigurationName = Release;
		};
/* End XCConfigurationList section */
	};
	rootObject = A28AF07D302C59D90055D1DF /* Project object */;
}
